
Microsoft Visual Studio Solution File, Format Version 12.00
# Visual Studio Version 17
VisualStudioVersion = 17.9.34728.123
MinimumVisualStudioVersion = 10.0.40219.1
Project("{FAE04EC0-301F-11D3-BF4B-00C04F79EFBC}") = "ProjAula4", "ProjAula4\ProjAula4.csproj", "{14C02A6E-5685-426B-97D8-F0EB203212AB}"
EndProject
Project("{FAE04EC0-301F-11D3-BF4B-00C04F79EFBC}") = "Models", "Models\Models.csproj", "{49945B84-AA6D-4A8D-9A54-C45C1B438E9A}"
EndProject
Project("{FAE04EC0-301F-11D3-BF4B-00C04F79EFBC}") = "Services", "Services\Services.csproj", "{E5695669-FA8E-4219-8E29-4631222B0657}"
EndProject
Project("{FAE04EC0-301F-11D3-BF4B-00C04F79EFBC}") = "Repositories", "Repositories\Repositories.csproj", "{AF6639A4-D5D7-4317-94CF-923844DAE11C}"
EndProject
Project("{FAE04EC0-301F-11D3-BF4B-00C04F79EFBC}") = "Controllers", "Controllers\Controllers.csproj", "{D71C66F8-CED9-4CEC-AECE-BDB019336D85}"
EndProject
Global
	GlobalSection(SolutionConfigurationPlatforms) = preSolution
		Debug|Any CPU = Debug|Any CPU
		Release|Any CPU = Release|Any CPU
	EndGlobalSection
	GlobalSection(ProjectConfigurationPlatforms) = postSolution
		{14C02A6E-5685-426B-97D8-F0EB203212AB}.Debug|Any CPU.ActiveCfg = Debug|Any CPU
		{14C02A6E-5685-426B-97D8-F0EB203212AB}.Debug|Any CPU.Build.0 = Debug|Any CPU
		{14C02A6E-5685-426B-97D8-F0EB203212AB}.Release|Any CPU.ActiveCfg = Release|Any CPU
		{14C02A6E-5685-426B-97D8-F0EB203212AB}.Release|Any CPU.Build.0 = Release|Any CPU
		{49945B84-AA6D-4A8D-9A54-C45C1B438E9A}.Debug|Any CPU.ActiveCfg = Debug|Any CPU
		{49945B84-AA6D-4A8D-9A54-C45C1B438E9A}.Debug|Any CPU.Build.0 = Debug|Any CPU
		{49945B84-AA6D-4A8D-9A54-C45C1B438E9A}.Release|Any CPU.ActiveCfg = Release|Any CPU
		{49945B84-AA6D-4A8D-9A54-C45C1B438E9A}.Release|Any CPU.Build.0 = Release|Any CPU
		{E5695669-FA8E-4219-8E29-4631222B0657}.Debug|Any CPU.ActiveCfg = Debug|Any CPU
		{E5695669-FA8E-4219-8E29-4631222B0657}.Debug|Any CPU.Build.0 = Debug|Any CPU
		{E5695669-FA8E-4219-8E29-4631222B0657}.Release|Any CPU.ActiveCfg = Release|Any CPU
		{E5695669-FA8E-4219-8E29-4631222B0657}.Release|Any CPU.Build.0 = Release|Any CPU
		{AF6639A4-D5D7-4317-94CF-923844DAE11C}.Debug|Any CPU.ActiveCfg = Debug|Any CPU
		{AF6639A4-D5D7-4317-94CF-923844DAE11C}.Debug|Any CPU.Build.0 = Debug|Any CPU
		{AF6639A4-D5D7-4317-94CF-923844DAE11C}.Release|Any CPU.ActiveCfg = Release|Any CPU
		{AF6639A4-D5D7-4317-94CF-923844DAE11C}.Release|Any CPU.Build.0 = Release|Any CPU
		{D71C66F8-CED9-4CEC-AECE-BDB019336D85}.Debug|Any CPU.ActiveCfg = Debug|Any CPU
		{D71C66F8-CED9-4CEC-AECE-BDB019336D85}.Debug|Any CPU.Build.0 = Debug|Any CPU
		{D71C66F8-CED9-4CEC-AECE-BDB019336D85}.Release|Any CPU.ActiveCfg = Release|Any CPU
		{D71C66F8-CED9-4CEC-AECE-BDB019336D85}.Release|Any CPU.Build.0 = Release|Any CPU
	EndGlobalSection
	GlobalSection(SolutionProperties) = preSolution
		HideSolutionNode = FALSE
	EndGlobalSection
	GlobalSection(ExtensibilityGlobals) = postSolution
		SolutionGuid = {73B11EFE-01BD-41E5-AECA-415FB2D28608}
	EndGlobalSection
EndGlobal
